
Microsoft Visual Studio Solution File, Format Version 12.00
# Visual Studio Version 17
VisualStudioVersion = 17.14.36310.24 d17.14
MinimumVisualStudioVersion = 10.0.40219.1
Project("{FAE04EC0-301F-11D3-BF4B-00C04F79EFBC}") = "TVTRON Bills", "TVTRON Bills.csproj", "{CD70E8AE-3998-44D4-99DD-35690923CEDA}"
EndProject
Global
	GlobalSection(SolutionConfigurationPlatforms) = preSolution
		Debug|Any CPU = Debug|Any CPU
		Release|Any CPU = Release|Any CPU
	EndGlobalSection
	GlobalSection(ProjectConfigurationPlatforms) = postSolution
		{CD70E8AE-3998-44D4-99DD-35690923CEDA}.Debug|Any CPU.ActiveCfg = Debug|Any CPU
		{CD70E8AE-3998-44D4-99DD-35690923CEDA}.Debug|Any CPU.Build.0 = Debug|Any CPU
		{CD70E8AE-3998-44D4-99DD-35690923CEDA}.Release|Any CPU.ActiveCfg = Release|Any CPU
		{CD70E8AE-3998-44D4-99DD-35690923CEDA}.Release|Any CPU.Build.0 = Release|Any CPU
	EndGlobalSection
	GlobalSection(SolutionProperties) = preSolution
		HideSolutionNode = FALSE
	EndGlobalSection
	GlobalSection(ExtensibilityGlobals) = postSolution
		SolutionGuid = {6FBDEB54-6A9B-460E-9095-7ED7E293D9E6}
	EndGlobalSection
EndGlobal
